<?xml version="1.0" encoding="UTF-8"?>
<CONFIG>
  <ProjectOptions>
    <Version Value="12"/>
    <General>
      <Flags>
        <MainUnitHasCreateFormStatements Value="False"/>
        <MainUnitHasTitleStatement Value="False"/>
        <CompatibilityMode Value="True"/>
      </Flags>
      <SessionStorage Value="InProjectDir"/>
      <Title Value="pesdump"/>
      <UseAppBundle Value="False"/>
      <ResourceType Value="res"/>
    </General>
    <i18n>
      <EnableI18N LFM="False"/>
    </i18n>
    <BuildModes Count="1">
      <Item1 Name="Default" Default="True"/>
    </BuildModes>
    <PublishOptions>
      <Version Value="2"/>
    </PublishOptions>
    <RunParams>
      <local>
        <CommandLineParams Value="../sampler.pes sampler.out @0x0ad28 -1 @0x0ad48 =0x20 @0x0aefa -3 @0x10469 { @0x1046b { @0x1213e {"/>
      </local>
      <FormatVersion Value="2"/>
      <Modes Count="1">
        <Mode0 Name="default">
          <local>
            <CommandLineParams Value="../sampler.pes sampler.out @0x0ad28 -1 @0x0ad48 =0x20 @0x0aefa -3 @0x10469 { @0x1046b { @0x1213e {"/>
          </local>
        </Mode0>
      </Modes>
    </RunParams>
    <Units Count="3">
      <Unit0>
        <Filename Value="pesdump.lpr"/>
        <IsPartOfProject Value="True"/>
        <UnitName Value="PesDump"/>
      </Unit0>
      <Unit1>
        <Filename Value="patchandio.pas"/>
        <IsPartOfProject Value="True"/>
        <UnitName Value="PatchAndIO"/>
      </Unit1>
      <Unit2>
        <Filename Value="midlevelio.pas"/>
        <IsPartOfProject Value="True"/>
        <UnitName Value="MidlevelIO"/>
      </Unit2>
    </Units>
  </ProjectOptions>
  <CompilerOptions>
    <Version Value="11"/>
    <Target>
      <Filename Value="pesdump-$(TargetCPU)-$(TargetOS)"/>
    </Target>
    <SearchPaths>
      <IncludeFiles Value="$(ProjOutDir)"/>
      <UnitOutputDirectory Value="lib/$(TargetCPU)-$(TargetOS)"/>
    </SearchPaths>
    <Parsing>
      <SyntaxOptions>
        <IncludeAssertionCode Value="True"/>
      </SyntaxOptions>
    </Parsing>
    <CodeGeneration>
      <SmartLinkUnit Value="True"/>
    </CodeGeneration>
    <Linking>
      <Debugging>
        <DebugInfoType Value="dsDwarf2Set"/>
      </Debugging>
      <LinkSmart Value="True"/>
    </Linking>
    <Other>
      <CustomOptions Value="-dERROR2"/>
      <ExecuteAfter>
        <Command Value="date"/>
        <CompileReasons Run="False"/>
      </ExecuteAfter>
    </Other>
  </CompilerOptions>
</CONFIG>
